
Microsoft Visual Studio Solution File, Format Version 12.00
# Visual Studio Version 17
VisualStudioVersion = 17.14.36310.24 d17.14
MinimumVisualStudioVersion = 10.0.40219.1
Project("{54A90642-561A-4BB1-A94E-469ADEE60C69}") = "NodeConsoleApp1", "NodeConsoleApp1\NodeConsoleApp1.esproj", "{B6653670-937A-FD82-8420-66A1C2390AED}"
EndProject
Global
	GlobalSection(SolutionConfigurationPlatforms) = preSolution
		Debug|Any CPU = Debug|Any CPU
		Release|Any CPU = Release|Any CPU
	EndGlobalSection
	GlobalSection(ProjectConfigurationPlatforms) = postSolution
		{B6653670-937A-FD82-8420-66A1C2390AED}.Debug|Any CPU.ActiveCfg = Debug|Any CPU
		{B6653670-937A-FD82-8420-66A1C2390AED}.Debug|Any CPU.Build.0 = Debug|Any CPU
		{B6653670-937A-FD82-8420-66A1C2390AED}.Debug|Any CPU.Deploy.0 = Debug|Any CPU
		{B6653670-937A-FD82-8420-66A1C2390AED}.Release|Any CPU.ActiveCfg = Release|Any CPU
		{B6653670-937A-FD82-8420-66A1C2390AED}.Release|Any CPU.Build.0 = Release|Any CPU
		{B6653670-937A-FD82-8420-66A1C2390AED}.Release|Any CPU.Deploy.0 = Release|Any CPU
	EndGlobalSection
	GlobalSection(SolutionProperties) = preSolution
		HideSolutionNode = FALSE
	EndGlobalSection
	GlobalSection(ExtensibilityGlobals) = postSolution
		SolutionGuid = {F1E346F0-D17C-4575-8812-93910DC763B7}
	EndGlobalSection
EndGlobal
